<?xml version="1.0" encoding="utf-8"?>
<Project ToolsVersion="4.0" xmlns="http://schemas.microsoft.com/developer/msbuild/2003">
  <ItemGroup>
    <ClCompile Include="main.cpp">
      <Filter>src</Filter>
    </ClCompile>
    <ClCompile Include="PPMhandler.cpp">
      <Filter>src</Filter>
    </ClCompile>
    <ClCompile Include="RandomGenerator.cpp">
      <Filter>src</Filter>
    </ClCompile>
    <ClCompile Include="Ray.cpp">
      <Filter>src</Filter>
    </ClCompile>
    <ClCompile Include="Vector.cpp">
      <Filter>src</Filter>
    </ClCompile>
    <ClCompile Include="Intersection.cpp">
      <Filter>src</Filter>
    </ClCompile>
    <ClCompile Include="Sphere.cpp">
      <Filter>src</Filter>
    </ClCompile>
    <ClCompile Include="Scene.cpp">
      <Filter>src</Filter>
    </ClCompile>
    <ClCompile Include="Render.cpp">
      <Filter>src</Filter>
    </ClCompile>
    <ClCompile Include="Radiance.cpp">
      <Filter>src</Filter>
    </ClCompile>
    <ClCompile Include="CameraInfo.cpp">
      <Filter>src</Filter>
    </ClCompile>
    <ClCompile Include="ImageResolution.cpp">
      <Filter>src</Filter>
    </ClCompile>
    <ClCompile Include="ScreenInfo.cpp">
      <Filter>src</Filter>
    </ClCompile>
  </ItemGroup>
  <ItemGroup>
    <ClInclude Include="PPMhandler.hpp">
      <Filter>src</Filter>
    </ClInclude>
    <ClInclude Include="RandomGenerator.hpp">
      <Filter>src</Filter>
    </ClInclude>
    <ClInclude Include="Ray.hpp">
      <Filter>src</Filter>
    </ClInclude>
    <ClInclude Include="Vector.hpp">
      <Filter>src</Filter>
    </ClInclude>
    <ClInclude Include="Intersection.hpp">
      <Filter>src</Filter>
    </ClInclude>
    <ClInclude Include="Constant.hpp">
      <Filter>src</Filter>
    </ClInclude>
    <ClInclude Include="Color.hpp">
      <Filter>src</Filter>
    </ClInclude>
    <ClInclude Include="Sphere.hpp">
      <Filter>src</Filter>
    </ClInclude>
    <ClInclude Include="Scene.hpp">
      <Filter>src</Filter>
    </ClInclude>
    <ClInclude Include="Render.hpp">
      <Filter>src</Filter>
    </ClInclude>
    <ClInclude Include="Radiance.hpp">
      <Filter>src</Filter>
    </ClInclude>
    <ClInclude Include="CameraInfo.hpp">
      <Filter>src</Filter>
    </ClInclude>
    <ClInclude Include="ScreenInfo.hpp">
      <Filter>src</Filter>
    </ClInclude>
    <ClInclude Include="ImageResolution.hpp">
      <Filter>src</Filter>
    </ClInclude>
  </ItemGroup>
  <ItemGroup>
    <Filter Include="src">
      <UniqueIdentifier>{8450ecfa-998e-4c86-8fc6-090d6fcf356e}</UniqueIdentifier>
    </Filter>
  </ItemGroup>
</Project>